
Microsoft Visual Studio Solution File, Format Version 12.00
# Visual Studio Version 17
VisualStudioVersion = 17.3.32922.545
MinimumVisualStudioVersion = 10.0.40219.1
Project("{FAE04EC0-301F-11D3-BF4B-00C04F79EFBC}") = "ProgressAll", "ProgressAll.csproj", "{8373934A-012D-4A8B-AE06-938CCBF6D666}"
EndProject
Global
	GlobalSection(SolutionConfigurationPlatforms) = preSolution
		Debug|Any CPU = Debug|Any CPU
		Release|Any CPU = Release|Any CPU
	EndGlobalSection
	GlobalSection(ProjectConfigurationPlatforms) = postSolution
		{8373934A-012D-4A8B-AE06-938CCBF6D666}.Debug|Any CPU.ActiveCfg = Debug|Any CPU
		{8373934A-012D-4A8B-AE06-938CCBF6D666}.Debug|Any CPU.Build.0 = Debug|Any CPU
		{8373934A-012D-4A8B-AE06-938CCBF6D666}.Release|Any CPU.ActiveCfg = Release|Any CPU
		{8373934A-012D-4A8B-AE06-938CCBF6D666}.Release|Any CPU.Build.0 = Release|Any CPU
	EndGlobalSection
	GlobalSection(SolutionProperties) = preSolution
		HideSolutionNode = FALSE
	EndGlobalSection
	GlobalSection(ExtensibilityGlobals) = postSolution
		SolutionGuid = {476C2935-DA2E-4356-9E7A-45475D94AA68}
	EndGlobalSection
EndGlobal
